{
  "name": "vip-rtc-websocket-server",
  "version": "0.1.0",
  "lockfileVersion": 3,
  "requires": true,
  "packages": {
    "": {
      "name": "vip-rtc-websocket-server",
      "version": "0.1.0",
      "dependencies": {
        "@y/websocket-server": "0.1.1",
        "jsonwebtoken": "9.0.2",
        "prom-client": "15.1.3",
        "ws": "8.18.2"
      },
      "devDependencies": {
        "@types/jsonwebtoken": "9.0.10",
        "@types/node": "22.18.6",
        "@types/ws": "8.5.0",
        "@wordpress/sync": "1.31.0",
        "tsx": "4.20.5",
        "typescript": "5.9.2"
      }
    },
    "node_modules/@babel/runtime": {
      "version": "7.25.7",
      "resolved": "https://registry.npmjs.org/@babel/runtime/-/runtime-7.25.7.tgz",
      "integrity": "sha512-FjoyLe754PMiYsFaN5C94ttGiOmBNYTf6pLr4xXHAT5uctHb092PBszndLDR5XA/jghQvn4n7JMHl7dmTgbm9w==",
      "dev": true,
      "license": "MIT",
      "dependencies": {
        "regenerator-runtime": "^0.14.0"
      },
      "engines": {
        "node": ">=6.9.0"
      }
    },
    "node_modules/@esbuild/darwin-arm64": {
      "version": "0.25.10",
      "resolved": "https://registry.npmjs.org/@esbuild/darwin-arm64/-/darwin-arm64-0.25.10.tgz",
      "integrity": "sha512-JC74bdXcQEpW9KkV326WpZZjLguSZ3DfS8wrrvPMHgQOIEIG/sPXEN/V8IssoJhbefLRcRqw6RQH2NnpdprtMA==",
      "cpu": [
        "arm64"
      ],
      "dev": true,
      "license": "MIT",
      "optional": true,
      "os": [
        "darwin"
      ],
      "engines": {
        "node": ">=18"
      }
    },
    "node_modules/@opentelemetry/api": {
      "version": "1.9.0",
      "resolved": "https://registry.npmjs.org/@opentelemetry/api/-/api-1.9.0.tgz",
      "integrity": "sha512-3giAOQvZiH5F9bMlMiv8+GSPMeqg0dbaeo58/0SlA9sxSqZhnUtxzX9/2FzyhS9sWQf5S0GJE0AKBrFqjpeYcg==",
      "license": "Apache-2.0",
      "engines": {
        "node": ">=8.0.0"
      }
    },
    "node_modules/@types/jsonwebtoken": {
      "version": "9.0.10",
      "resolved": "https://registry.npmjs.org/@types/jsonwebtoken/-/jsonwebtoken-9.0.10.tgz",
      "integrity": "sha512-asx5hIG9Qmf/1oStypjanR7iKTv0gXQ1Ov/jfrX6kS/EO0OFni8orbmGCn0672NHR3kXHwpAwR+B368ZGN/2rA==",
      "dev": true,
      "license": "MIT",
      "dependencies": {
        "@types/ms": "*",
        "@types/node": "*"
      }
    },
    "node_modules/@types/ms": {
      "version": "2.1.0",
      "resolved": "https://registry.npmjs.org/@types/ms/-/ms-2.1.0.tgz",
      "integrity": "sha512-GsCCIZDE/p3i96vtEqx+7dBUGXrc7zeSK3wwPHIaRThS+9OhWIXRqzs4d6k1SVU8g91DrNRWxWUGhp5KXQb2VA==",
      "dev": true,
      "license": "MIT"
    },
    "node_modules/@types/node": {
      "version": "22.18.6",
      "resolved": "https://registry.npmjs.org/@types/node/-/node-22.18.6.tgz",
      "integrity": "sha512-r8uszLPpeIWbNKtvWRt/DbVi5zbqZyj1PTmhRMqBMvDnaz1QpmSKujUtJLrqGZeoM8v72MfYggDceY4K1itzWQ==",
      "dev": true,
      "license": "MIT",
      "dependencies": {
        "undici-types": "~6.21.0"
      }
    },
    "node_modules/@types/simple-peer": {
      "version": "9.11.8",
      "resolved": "https://registry.npmjs.org/@types/simple-peer/-/simple-peer-9.11.8.tgz",
      "integrity": "sha512-rvqefdp2rvIA6wiomMgKWd2UZNPe6LM2EV5AuY3CPQJF+8TbdrL5TjYdMf0VAjGczzlkH4l1NjDkihwbj3Xodw==",
      "dev": true,
      "license": "MIT",
      "dependencies": {
        "@types/node": "*"
      }
    },
    "node_modules/@types/ws": {
      "version": "8.5.0",
      "resolved": "https://registry.npmjs.org/@types/ws/-/ws-8.5.0.tgz",
      "integrity": "sha512-mTClfhq5cuGyW4jthaFuig6Q8OVfB3IRyZfN/9SCyJtiM5H0SubwM89cHoT9UngO6HyUFic88HvT1zSNLNyxWA==",
      "dev": true,
      "license": "MIT",
      "dependencies": {
        "@types/node": "*"
      }
    },
    "node_modules/@wordpress/sync": {
      "version": "1.31.0",
      "resolved": "https://registry.npmjs.org/@wordpress/sync/-/sync-1.31.0.tgz",
      "integrity": "sha512-CYb3ayrrsQ7ttEi9zDVm+x0JJx7kRW6Fb/+tkCI1WKJBrxvRZbNK/QrT604AoWICeGi0j5baFoKUWxkibj1xFg==",
      "dev": true,
      "license": "GPL-2.0-or-later",
      "dependencies": {
        "@babel/runtime": "7.25.7",
        "@types/simple-peer": "^9.11.5",
        "@wordpress/url": "^4.31.0",
        "import-locals": "^2.0.0",
        "lib0": "^0.2.42",
        "simple-peer": "^9.11.0",
        "y-indexeddb": "~9.0.11",
        "y-protocols": "^1.0.5",
        "y-webrtc": "~10.2.5",
        "yjs": "~13.6.6"
      },
      "engines": {
        "node": ">=18.12.0",
        "npm": ">=8.19.2"
      }
    },
    "node_modules/@wordpress/url": {
      "version": "4.31.0",
      "resolved": "https://registry.npmjs.org/@wordpress/url/-/url-4.31.0.tgz",
      "integrity": "sha512-fI0TK7WsGB3hgal/3PuoSN8zrato1hJz0r2xZQTe7+DWgrO3R8zlsoKhtOGzLL/zTNM5Auw22EPvRxGcwGT5zA==",
      "dev": true,
      "license": "GPL-2.0-or-later",
      "dependencies": {
        "@babel/runtime": "7.25.7",
        "remove-accents": "^0.5.0"
      },
      "engines": {
        "node": ">=18.12.0",
        "npm": ">=8.19.2"
      }
    },
    "node_modules/@y/websocket-server": {
      "version": "0.1.1",
      "resolved": "https://registry.npmjs.org/@y/websocket-server/-/websocket-server-0.1.1.tgz",
      "integrity": "sha512-pPtXm5Ceqs4orhXXHwm2I+u1mKNBDNzlrwNiI7OMwM7PlVS4WCMpiIuSB8WsYeSuISbvpXPNvaj6H1MoQBbE+g==",
      "license": "MIT",
      "dependencies": {
        "lib0": "^0.2.102",
        "y-protocols": "^1.0.5"
      },
      "bin": {
        "y-websocket": "src/server.js",
        "y-websocket-server": "src/server.js"
      },
      "engines": {
        "node": ">=16.0.0",
        "npm": ">=8.0.0"
      },
      "funding": {
        "type": "GitHub Sponsors ❤",
        "url": "https://github.com/sponsors/dmonad"
      },
      "optionalDependencies": {
        "ws": "^6.2.1",
        "y-leveldb": "^0.1.0"
      },
      "peerDependencies": {
        "yjs": "^13.5.6"
      }
    },
    "node_modules/@y/websocket-server/node_modules/ws": {
      "version": "6.2.3",
      "resolved": "https://registry.npmjs.org/ws/-/ws-6.2.3.tgz",
      "integrity": "sha512-jmTjYU0j60B+vHey6TfR3Z7RD61z/hmxBS3VMSGIrroOWXQEneK1zNuotOUrGyBHQj0yrpsLHPWtigEFd13ndA==",
      "license": "MIT",
      "optional": true,
      "dependencies": {
        "async-limiter": "~1.0.0"
      }
    },
    "node_modules/abstract-leveldown": {
      "version": "6.2.3",
      "resolved": "https://registry.npmjs.org/abstract-leveldown/-/abstract-leveldown-6.2.3.tgz",
      "integrity": "sha512-BsLm5vFMRUrrLeCcRc+G0t2qOaTzpoJQLOubq2XM72eNpjF5UdU5o/5NvlNhx95XHcAvcl8OMXr4mlg/fRgUXQ==",
      "deprecated": "Superseded by abstract-level (https://github.com/Level/community#faq)",
      "license": "MIT",
      "optional": true,
      "dependencies": {
        "buffer": "^5.5.0",
        "immediate": "^3.2.3",
        "level-concat-iterator": "~2.0.0",
        "level-supports": "~1.0.0",
        "xtend": "~4.0.0"
      },
      "engines": {
        "node": ">=6"
      }
    },
    "node_modules/async-limiter": {
      "version": "1.0.1",
      "resolved": "https://registry.npmjs.org/async-limiter/-/async-limiter-1.0.1.tgz",
      "integrity": "sha512-csOlWGAcRFJaI6m+F2WKdnMKr4HhdhFVBk0H/QbJFMCr+uO2kwohwXQPxw/9OCxp05r5ghVBFSyioixx3gfkNQ==",
      "license": "MIT",
      "optional": true
    },
    "node_modules/base64-js": {
      "version": "1.5.1",
      "resolved": "https://registry.npmjs.org/base64-js/-/base64-js-1.5.1.tgz",
      "integrity": "sha512-AKpaYlHn8t4SVbOHCy+b5+KKgvR4vrsD8vbvrbiQJps7fKDTkjkDry6ji0rUJjC0kzbNePLwzxq8iypo41qeWA==",
      "devOptional": true,
      "funding": [
        {
          "type": "github",
          "url": "https://github.com/sponsors/feross"
        },
        {
          "type": "patreon",
          "url": "https://www.patreon.com/feross"
        },
        {
          "type": "consulting",
          "url": "https://feross.org/support"
        }
      ],
      "license": "MIT"
    },
    "node_modules/bintrees": {
      "version": "1.0.2",
      "resolved": "https://registry.npmjs.org/bintrees/-/bintrees-1.0.2.tgz",
      "integrity": "sha512-VOMgTMwjAaUG580SXn3LacVgjurrbMme7ZZNYGSSV7mmtY6QQRh0Eg3pwIcntQ77DErK1L0NxkbetjcoXzVwKw==",
      "license": "MIT"
    },
    "node_modules/buffer": {
      "version": "5.7.1",
      "resolved": "https://registry.npmjs.org/buffer/-/buffer-5.7.1.tgz",
      "integrity": "sha512-EHcyIPBQ4BSGlvjB16k5KgAJ27CIsHY/2JBmCRReo48y9rQ3MaUzWX3KVlBa4U7MyX02HdVj0K7C3WaB3ju7FQ==",
      "funding": [
        {
          "type": "github",
          "url": "https://github.com/sponsors/feross"
        },
        {
          "type": "patreon",
          "url": "https://www.patreon.com/feross"
        },
        {
          "type": "consulting",
          "url": "https://feross.org/support"
        }
      ],
      "license": "MIT",
      "optional": true,
      "dependencies": {
        "base64-js": "^1.3.1",
        "ieee754": "^1.1.13"
      }
    },
    "node_modules/buffer-equal-constant-time": {
      "version": "1.0.1",
      "resolved": "https://registry.npmjs.org/buffer-equal-constant-time/-/buffer-equal-constant-time-1.0.1.tgz",
      "integrity": "sha512-zRpUiDwd/xk6ADqPMATG8vc9VPrkck7T07OIx0gnjmJAnHnTVXNQG3vfvWNuiZIkwu9KrKdA1iJKfsfTVxE6NA==",
      "license": "BSD-3-Clause"
    },
    "node_modules/debug": {
      "version": "4.4.3",
      "resolved": "https://registry.npmjs.org/debug/-/debug-4.4.3.tgz",
      "integrity": "sha512-RGwwWnwQvkVfavKVt22FGLw+xYSdzARwm0ru6DhTVA3umU5hZc28V3kO4stgYryrTlLpuvgI9GiijltAjNbcqA==",
      "dev": true,
      "license": "MIT",
      "dependencies": {
        "ms": "^2.1.3"
      },
      "engines": {
        "node": ">=6.0"
      },
      "peerDependenciesMeta": {
        "supports-color": {
          "optional": true
        }
      }
    },
    "node_modules/deferred-leveldown": {
      "version": "5.3.0",
      "resolved": "https://registry.npmjs.org/deferred-leveldown/-/deferred-leveldown-5.3.0.tgz",
      "integrity": "sha512-a59VOT+oDy7vtAbLRCZwWgxu2BaCfd5Hk7wxJd48ei7I+nsg8Orlb9CLG0PMZienk9BSUKgeAqkO2+Lw+1+Ukw==",
      "deprecated": "Superseded by abstract-level (https://github.com/Level/community#faq)",
      "license": "MIT",
      "optional": true,
      "dependencies": {
        "abstract-leveldown": "~6.2.1",
        "inherits": "^2.0.3"
      },
      "engines": {
        "node": ">=6"
      }
    },
    "node_modules/ecdsa-sig-formatter": {
      "version": "1.0.11",
      "resolved": "https://registry.npmjs.org/ecdsa-sig-formatter/-/ecdsa-sig-formatter-1.0.11.tgz",
      "integrity": "sha512-nagl3RYrbNv6kQkeJIpt6NJZy8twLB/2vtz6yN9Z4vRKHN4/QZJIEbqohALSgwKdnksuY3k5Addp5lg8sVoVcQ==",
      "license": "Apache-2.0",
      "dependencies": {
        "safe-buffer": "^5.0.1"
      }
    },
    "node_modules/encoding-down": {
      "version": "6.3.0",
      "resolved": "https://registry.npmjs.org/encoding-down/-/encoding-down-6.3.0.tgz",
      "integrity": "sha512-QKrV0iKR6MZVJV08QY0wp1e7vF6QbhnbQhb07bwpEyuz4uZiZgPlEGdkCROuFkUwdxlFaiPIhjyarH1ee/3vhw==",
      "deprecated": "Superseded by abstract-level (https://github.com/Level/community#faq)",
      "license": "MIT",
      "optional": true,
      "dependencies": {
        "abstract-leveldown": "^6.2.1",
        "inherits": "^2.0.3",
        "level-codec": "^9.0.0",
        "level-errors": "^2.0.0"
      },
      "engines": {
        "node": ">=6"
      }
    },
    "node_modules/err-code": {
      "version": "3.0.1",
      "resolved": "https://registry.npmjs.org/err-code/-/err-code-3.0.1.tgz",
      "integrity": "sha512-GiaH0KJUewYok+eeY05IIgjtAe4Yltygk9Wqp1V5yVWLdhf0hYZchRjNIT9bb0mSwRcIusT3cx7PJUf3zEIfUA==",
      "dev": true,
      "license": "MIT"
    },
    "node_modules/errno": {
      "version": "0.1.8",
      "resolved": "https://registry.npmjs.org/errno/-/errno-0.1.8.tgz",
      "integrity": "sha512-dJ6oBr5SQ1VSd9qkk7ByRgb/1SH4JZjCHSW/mr63/QcXO9zLVxvJ6Oy13nio03rxpSnVDDjFor75SjVeZWPW/A==",
      "license": "MIT",
      "optional": true,
      "dependencies": {
        "prr": "~1.0.1"
      },
      "bin": {
        "errno": "cli.js"
      }
    },
    "node_modules/esbuild": {
      "version": "0.25.10",
      "resolved": "https://registry.npmjs.org/esbuild/-/esbuild-0.25.10.tgz",
      "integrity": "sha512-9RiGKvCwaqxO2owP61uQ4BgNborAQskMR6QusfWzQqv7AZOg5oGehdY2pRJMTKuwxd1IDBP4rSbI5lHzU7SMsQ==",
      "dev": true,
      "hasInstallScript": true,
      "license": "MIT",
      "bin": {
        "esbuild": "bin/esbuild"
      },
      "engines": {
        "node": ">=18"
      },
      "optionalDependencies": {
        "@esbuild/aix-ppc64": "0.25.10",
        "@esbuild/android-arm": "0.25.10",
        "@esbuild/android-arm64": "0.25.10",
        "@esbuild/android-x64": "0.25.10",
        "@esbuild/darwin-arm64": "0.25.10",
        "@esbuild/darwin-x64": "0.25.10",
        "@esbuild/freebsd-arm64": "0.25.10",
        "@esbuild/freebsd-x64": "0.25.10",
        "@esbuild/linux-arm": "0.25.10",
        "@esbuild/linux-arm64": "0.25.10",
        "@esbuild/linux-ia32": "0.25.10",
        "@esbuild/linux-loong64": "0.25.10",
        "@esbuild/linux-mips64el": "0.25.10",
        "@esbuild/linux-ppc64": "0.25.10",
        "@esbuild/linux-riscv64": "0.25.10",
        "@esbuild/linux-s390x": "0.25.10",
        "@esbuild/linux-x64": "0.25.10",
        "@esbuild/netbsd-arm64": "0.25.10",
        "@esbuild/netbsd-x64": "0.25.10",
        "@esbuild/openbsd-arm64": "0.25.10",
        "@esbuild/openbsd-x64": "0.25.10",
        "@esbuild/openharmony-arm64": "0.25.10",
        "@esbuild/sunos-x64": "0.25.10",
        "@esbuild/win32-arm64": "0.25.10",
        "@esbuild/win32-ia32": "0.25.10",
        "@esbuild/win32-x64": "0.25.10"
      }
    },
    "node_modules/fsevents": {
      "version": "2.3.3",
      "resolved": "https://registry.npmjs.org/fsevents/-/fsevents-2.3.3.tgz",
      "integrity": "sha512-5xoDfX+fL7faATnagmWPpbFtwh/R77WmMMqqHGS65C3vvB0YHrgF+B1YmZ3441tMj5n63k0212XNoJwzlhffQw==",
      "dev": true,
      "hasInstallScript": true,
      "license": "MIT",
      "optional": true,
      "os": [
        "darwin"
      ],
      "engines": {
        "node": "^8.16.0 || ^10.6.0 || >=11.0.0"
      }
    },
    "node_modules/get-browser-rtc": {
      "version": "1.1.0",
      "resolved": "https://registry.npmjs.org/get-browser-rtc/-/get-browser-rtc-1.1.0.tgz",
      "integrity": "sha512-MghbMJ61EJrRsDe7w1Bvqt3ZsBuqhce5nrn/XAwgwOXhcsz53/ltdxOse1h/8eKXj5slzxdsz56g5rzOFSGwfQ==",
      "dev": true,
      "license": "MIT"
    },
    "node_modules/get-tsconfig": {
      "version": "4.10.1",
      "resolved": "https://registry.npmjs.org/get-tsconfig/-/get-tsconfig-4.10.1.tgz",
      "integrity": "sha512-auHyJ4AgMz7vgS8Hp3N6HXSmlMdUyhSUrfBF16w153rxtLIEOE+HGqaBppczZvnHLqQJfiHotCYpNhl0lUROFQ==",
      "dev": true,
      "license": "MIT",
      "dependencies": {
        "resolve-pkg-maps": "^1.0.0"
      },
      "funding": {
        "url": "https://github.com/privatenumber/get-tsconfig?sponsor=1"
      }
    },
    "node_modules/ieee754": {
      "version": "1.2.1",
      "resolved": "https://registry.npmjs.org/ieee754/-/ieee754-1.2.1.tgz",
      "integrity": "sha512-dcyqhDvX1C46lXZcVqCpK+FtMRQVdIMN6/Df5js2zouUsqG7I6sFxitIC+7KYK29KdXOLHdu9zL4sFnoVQnqaA==",
      "devOptional": true,
      "funding": [
        {
          "type": "github",
          "url": "https://github.com/sponsors/feross"
        },
        {
          "type": "patreon",
          "url": "https://www.patreon.com/feross"
        },
        {
          "type": "consulting",
          "url": "https://feross.org/support"
        }
      ],
      "license": "BSD-3-Clause"
    },
    "node_modules/immediate": {
      "version": "3.3.0",
      "resolved": "https://registry.npmjs.org/immediate/-/immediate-3.3.0.tgz",
      "integrity": "sha512-HR7EVodfFUdQCTIeySw+WDRFJlPcLOJbXfwwZ7Oom6tjsvZ3bOkCDJHehQC3nxJrv7+f9XecwazynjU8e4Vw3Q==",
      "license": "MIT",
      "optional": true
    },
    "node_modules/import-locals": {
      "version": "2.0.0",
      "resolved": "https://registry.npmjs.org/import-locals/-/import-locals-2.0.0.tgz",
      "integrity": "sha512-1/bPE89IZhyf7dr5Pkz7b4UyVXy5pEt7PTEfye15UEn3AK8+2zwcDCfKk9Pwun4ltfhOSszOrReSsFcDKw/yoA==",
      "dev": true,
      "license": "MIT"
    },
    "node_modules/inherits": {
      "version": "2.0.4",
      "resolved": "https://registry.npmjs.org/inherits/-/inherits-2.0.4.tgz",
      "integrity": "sha512-k/vGaX4/Yla3WzyMCvTQOXYeIHvqOKtnqBduzTHpzpQZzAskKMhZ2K+EnBiSM9zGSoIFeMpXKxa4dYeZIQqewQ==",
      "devOptional": true,
      "license": "ISC"
    },
    "node_modules/isomorphic.js": {
      "version": "0.2.5",
      "resolved": "https://registry.npmjs.org/isomorphic.js/-/isomorphic.js-0.2.5.tgz",
      "integrity": "sha512-PIeMbHqMt4DnUP3MA/Flc0HElYjMXArsw1qwJZcm9sqR8mq3l8NYizFMty0pWwE/tzIGH3EKK5+jes5mAr85yw==",
      "license": "MIT",
      "funding": {
        "type": "GitHub Sponsors ❤",
        "url": "https://github.com/sponsors/dmonad"
      }
    },
    "node_modules/jsonwebtoken": {
      "version": "9.0.2",
      "resolved": "https://registry.npmjs.org/jsonwebtoken/-/jsonwebtoken-9.0.2.tgz",
      "integrity": "sha512-PRp66vJ865SSqOlgqS8hujT5U4AOgMfhrwYIuIhfKaoSCZcirrmASQr8CX7cUg+RMih+hgznrjp99o+W4pJLHQ==",
      "license": "MIT",
      "dependencies": {
        "jws": "^3.2.2",
        "lodash.includes": "^4.3.0",
        "lodash.isboolean": "^3.0.3",
        "lodash.isinteger": "^4.0.4",
        "lodash.isnumber": "^3.0.3",
        "lodash.isplainobject": "^4.0.6",
        "lodash.isstring": "^4.0.1",
        "lodash.once": "^4.0.0",
        "ms": "^2.1.1",
        "semver": "^7.5.4"
      },
      "engines": {
        "node": ">=12",
        "npm": ">=6"
      }
    },
    "node_modules/jwa": {
      "version": "1.4.2",
      "resolved": "https://registry.npmjs.org/jwa/-/jwa-1.4.2.tgz",
      "integrity": "sha512-eeH5JO+21J78qMvTIDdBXidBd6nG2kZjg5Ohz/1fpa28Z4CcsWUzJ1ZZyFq/3z3N17aZy+ZuBoHljASbL1WfOw==",
      "license": "MIT",
      "dependencies": {
        "buffer-equal-constant-time": "^1.0.1",
        "ecdsa-sig-formatter": "1.0.11",
        "safe-buffer": "^5.0.1"
      }
    },
    "node_modules/jws": {
      "version": "3.2.2",
      "resolved": "https://registry.npmjs.org/jws/-/jws-3.2.2.tgz",
      "integrity": "sha512-YHlZCB6lMTllWDtSPHz/ZXTsi8S00usEV6v1tjq8tOUZzw7DpSDWVXjXDre6ed1w/pd495ODpHZYSdkRTsa0HA==",
      "license": "MIT",
      "dependencies": {
        "jwa": "^1.4.1",
        "safe-buffer": "^5.0.1"
      }
    },
    "node_modules/level": {
      "version": "6.0.1",
      "resolved": "https://registry.npmjs.org/level/-/level-6.0.1.tgz",
      "integrity": "sha512-psRSqJZCsC/irNhfHzrVZbmPYXDcEYhA5TVNwr+V92jF44rbf86hqGp8fiT702FyiArScYIlPSBTDUASCVNSpw==",
      "license": "MIT",
      "optional": true,
      "dependencies": {
        "level-js": "^5.0.0",
        "level-packager": "^5.1.0",
        "leveldown": "^5.4.0"
      },
      "engines": {
        "node": ">=8.6.0"
      },
      "funding": {
        "type": "opencollective",
        "url": "https://opencollective.com/level"
      }
    },
    "node_modules/level-codec": {
      "version": "9.0.2",
      "resolved": "https://registry.npmjs.org/level-codec/-/level-codec-9.0.2.tgz",
      "integrity": "sha512-UyIwNb1lJBChJnGfjmO0OR+ezh2iVu1Kas3nvBS/BzGnx79dv6g7unpKIDNPMhfdTEGoc7mC8uAu51XEtX+FHQ==",
      "deprecated": "Superseded by level-transcoder (https://github.com/Level/community#faq)",
      "license": "MIT",
      "optional": true,
      "dependencies": {
        "buffer": "^5.6.0"
      },
      "engines": {
        "node": ">=6"
      }
    },
    "node_modules/level-concat-iterator": {
      "version": "2.0.1",
      "resolved": "https://registry.npmjs.org/level-concat-iterator/-/level-concat-iterator-2.0.1.tgz",
      "integrity": "sha512-OTKKOqeav2QWcERMJR7IS9CUo1sHnke2C0gkSmcR7QuEtFNLLzHQAvnMw8ykvEcv0Qtkg0p7FOwP1v9e5Smdcw==",
      "deprecated": "Superseded by abstract-level (https://github.com/Level/community#faq)",
      "license": "MIT",
      "optional": true,
      "engines": {
        "node": ">=6"
      }
    },
    "node_modules/level-errors": {
      "version": "2.0.1",
      "resolved": "https://registry.npmjs.org/level-errors/-/level-errors-2.0.1.tgz",
      "integrity": "sha512-UVprBJXite4gPS+3VznfgDSU8PTRuVX0NXwoWW50KLxd2yw4Y1t2JUR5In1itQnudZqRMT9DlAM3Q//9NCjCFw==",
      "deprecated": "Superseded by abstract-level (https://github.com/Level/community#faq)",
      "license": "MIT",
      "optional": true,
      "dependencies": {
        "errno": "~0.1.1"
      },
      "engines": {
        "node": ">=6"
      }
    },
    "node_modules/level-iterator-stream": {
      "version": "4.0.2",
      "resolved": "https://registry.npmjs.org/level-iterator-stream/-/level-iterator-stream-4.0.2.tgz",
      "integrity": "sha512-ZSthfEqzGSOMWoUGhTXdX9jv26d32XJuHz/5YnuHZzH6wldfWMOVwI9TBtKcya4BKTyTt3XVA0A3cF3q5CY30Q==",
      "license": "MIT",
      "optional": true,
      "dependencies": {
        "inherits": "^2.0.4",
        "readable-stream": "^3.4.0",
        "xtend": "^4.0.2"
      },
      "engines": {
        "node": ">=6"
      }
    },
    "node_modules/level-js": {
      "version": "5.0.2",
      "resolved": "https://registry.npmjs.org/level-js/-/level-js-5.0.2.tgz",
      "integrity": "sha512-SnBIDo2pdO5VXh02ZmtAyPP6/+6YTJg2ibLtl9C34pWvmtMEmRTWpra+qO/hifkUtBTOtfx6S9vLDjBsBK4gRg==",
      "deprecated": "Superseded by browser-level (https://github.com/Level/community#faq)",
      "license": "MIT",
      "optional": true,
      "dependencies": {
        "abstract-leveldown": "~6.2.3",
        "buffer": "^5.5.0",
        "inherits": "^2.0.3",
        "ltgt": "^2.1.2"
      }
    },
    "node_modules/level-packager": {
      "version": "5.1.1",
      "resolved": "https://registry.npmjs.org/level-packager/-/level-packager-5.1.1.tgz",
      "integrity": "sha512-HMwMaQPlTC1IlcwT3+swhqf/NUO+ZhXVz6TY1zZIIZlIR0YSn8GtAAWmIvKjNY16ZkEg/JcpAuQskxsXqC0yOQ==",
      "deprecated": "Superseded by abstract-level (https://github.com/Level/community#faq)",
      "license": "MIT",
      "optional": true,
      "dependencies": {
        "encoding-down": "^6.3.0",
        "levelup": "^4.3.2"
      },
      "engines": {
        "node": ">=6"
      }
    },
    "node_modules/level-supports": {
      "version": "1.0.1",
      "resolved": "https://registry.npmjs.org/level-supports/-/level-supports-1.0.1.tgz",
      "integrity": "sha512-rXM7GYnW8gsl1vedTJIbzOrRv85c/2uCMpiiCzO2fndd06U/kUXEEU9evYn4zFggBOg36IsBW8LzqIpETwwQzg==",
      "license": "MIT",
      "optional": true,
      "dependencies": {
        "xtend": "^4.0.2"
      },
      "engines": {
        "node": ">=6"
      }
    },
    "node_modules/leveldown": {
      "version": "5.6.0",
      "resolved": "https://registry.npmjs.org/leveldown/-/leveldown-5.6.0.tgz",
      "integrity": "sha512-iB8O/7Db9lPaITU1aA2txU/cBEXAt4vWwKQRrrWuS6XDgbP4QZGj9BL2aNbwb002atoQ/lIotJkfyzz+ygQnUQ==",
      "deprecated": "Superseded by classic-level (https://github.com/Level/community#faq)",
      "hasInstallScript": true,
      "license": "MIT",
      "optional": true,
      "dependencies": {
        "abstract-leveldown": "~6.2.1",
        "napi-macros": "~2.0.0",
        "node-gyp-build": "~4.1.0"
      },
      "engines": {
        "node": ">=8.6.0"
      }
    },
    "node_modules/levelup": {
      "version": "4.4.0",
      "resolved": "https://registry.npmjs.org/levelup/-/levelup-4.4.0.tgz",
      "integrity": "sha512-94++VFO3qN95cM/d6eBXvd894oJE0w3cInq9USsyQzzoJxmiYzPAocNcuGCPGGjoXqDVJcr3C1jzt1TSjyaiLQ==",
      "deprecated": "Superseded by abstract-level (https://github.com/Level/community#faq)",
      "license": "MIT",
      "optional": true,
      "dependencies": {
        "deferred-leveldown": "~5.3.0",
        "level-errors": "~2.0.0",
        "level-iterator-stream": "~4.0.0",
        "level-supports": "~1.0.0",
        "xtend": "~4.0.0"
      },
      "engines": {
        "node": ">=6"
      }
    },
    "node_modules/lib0": {
      "version": "0.2.114",
      "resolved": "https://registry.npmjs.org/lib0/-/lib0-0.2.114.tgz",
      "integrity": "sha512-gcxmNFzA4hv8UYi8j43uPlQ7CGcyMJ2KQb5kZASw6SnAKAf10hK12i2fjrS3Cl/ugZa5Ui6WwIu1/6MIXiHttQ==",
      "license": "MIT",
      "dependencies": {
        "isomorphic.js": "^0.2.4"
      },
      "bin": {
        "0ecdsa-generate-keypair": "bin/0ecdsa-generate-keypair.js",
        "0gentesthtml": "bin/gentesthtml.js",
        "0serve": "bin/0serve.js"
      },
      "engines": {
        "node": ">=16"
      },
      "funding": {
        "type": "GitHub Sponsors ❤",
        "url": "https://github.com/sponsors/dmonad"
      }
    },
    "node_modules/lodash.includes": {
      "version": "4.3.0",
      "resolved": "https://registry.npmjs.org/lodash.includes/-/lodash.includes-4.3.0.tgz",
      "integrity": "sha512-W3Bx6mdkRTGtlJISOvVD/lbqjTlPPUDTMnlXZFnVwi9NKJ6tiAk6LVdlhZMm17VZisqhKcgzpO5Wz91PCt5b0w==",
      "license": "MIT"
    },
    "node_modules/lodash.isboolean": {
      "version": "3.0.3",
      "resolved": "https://registry.npmjs.org/lodash.isboolean/-/lodash.isboolean-3.0.3.tgz",
      "integrity": "sha512-Bz5mupy2SVbPHURB98VAcw+aHh4vRV5IPNhILUCsOzRmsTmSQ17jIuqopAentWoehktxGd9e/hbIXq980/1QJg==",
      "license": "MIT"
    },
    "node_modules/lodash.isinteger": {
      "version": "4.0.4",
      "resolved": "https://registry.npmjs.org/lodash.isinteger/-/lodash.isinteger-4.0.4.tgz",
      "integrity": "sha512-DBwtEWN2caHQ9/imiNeEA5ys1JoRtRfY3d7V9wkqtbycnAmTvRRmbHKDV4a0EYc678/dia0jrte4tjYwVBaZUA==",
      "license": "MIT"
    },
    "node_modules/lodash.isnumber": {
      "version": "3.0.3",
      "resolved": "https://registry.npmjs.org/lodash.isnumber/-/lodash.isnumber-3.0.3.tgz",
      "integrity": "sha512-QYqzpfwO3/CWf3XP+Z+tkQsfaLL/EnUlXWVkIk5FUPc4sBdTehEqZONuyRt2P67PXAk+NXmTBcc97zw9t1FQrw==",
      "license": "MIT"
    },
    "node_modules/lodash.isplainobject": {
      "version": "4.0.6",
      "resolved": "https://registry.npmjs.org/lodash.isplainobject/-/lodash.isplainobject-4.0.6.tgz",
      "integrity": "sha512-oSXzaWypCMHkPC3NvBEaPHf0KsA5mvPrOPgQWDsbg8n7orZ290M0BmC/jgRZ4vcJ6DTAhjrsSYgdsW/F+MFOBA==",
      "license": "MIT"
    },
    "node_modules/lodash.isstring": {
      "version": "4.0.1",
      "resolved": "https://registry.npmjs.org/lodash.isstring/-/lodash.isstring-4.0.1.tgz",
      "integrity": "sha512-0wJxfxH1wgO3GrbuP+dTTk7op+6L41QCXbGINEmD+ny/G/eCqGzxyCsh7159S+mgDDcoarnBw6PC1PS5+wUGgw==",
      "license": "MIT"
    },
    "node_modules/lodash.once": {
      "version": "4.1.1",
      "resolved": "https://registry.npmjs.org/lodash.once/-/lodash.once-4.1.1.tgz",
      "integrity": "sha512-Sb487aTOCr9drQVL8pIxOzVhafOjZN9UU54hiN8PU3uAiSV7lx1yYNpbNmex2PK6dSJoNTSJUUswT651yww3Mg==",
      "license": "MIT"
    },
    "node_modules/ltgt": {
      "version": "2.2.1",
      "resolved": "https://registry.npmjs.org/ltgt/-/ltgt-2.2.1.tgz",
      "integrity": "sha512-AI2r85+4MquTw9ZYqabu4nMwy9Oftlfa/e/52t9IjtfG+mGBbTNdAoZ3RQKLHR6r0wQnwZnPIEh/Ya6XTWAKNA==",
      "license": "MIT",
      "optional": true
    },
    "node_modules/ms": {
      "version": "2.1.3",
      "resolved": "https://registry.npmjs.org/ms/-/ms-2.1.3.tgz",
      "integrity": "sha512-6FlzubTLZG3J2a/NVCAleEhjzq5oxgHyaCU9yYXvcLsvoVaHJq/s5xXI6/XXP6tz7R9xAOtHnSO/tXtF3WRTlA==",
      "license": "MIT"
    },
    "node_modules/napi-macros": {
      "version": "2.0.0",
      "resolved": "https://registry.npmjs.org/napi-macros/-/napi-macros-2.0.0.tgz",
      "integrity": "sha512-A0xLykHtARfueITVDernsAWdtIMbOJgKgcluwENp3AlsKN/PloyO10HtmoqnFAQAcxPkgZN7wdfPfEd0zNGxbg==",
      "license": "MIT",
      "optional": true
    },
    "node_modules/node-gyp-build": {
      "version": "4.1.1",
      "resolved": "https://registry.npmjs.org/node-gyp-build/-/node-gyp-build-4.1.1.tgz",
      "integrity": "sha512-dSq1xmcPDKPZ2EED2S6zw/b9NKsqzXRE6dVr8TVQnI3FJOTteUMuqF3Qqs6LZg+mLGYJWqQzMbIjMtJqTv87nQ==",
      "license": "MIT",
      "optional": true,
      "bin": {
        "node-gyp-build": "bin.js",
        "node-gyp-build-optional": "optional.js",
        "node-gyp-build-test": "build-test.js"
      }
    },
    "node_modules/prom-client": {
      "version": "15.1.3",
      "resolved": "https://registry.npmjs.org/prom-client/-/prom-client-15.1.3.tgz",
      "integrity": "sha512-6ZiOBfCywsD4k1BN9IX0uZhF+tJkV8q8llP64G5Hajs4JOeVLPCwpPVcpXy3BwYiUGgyJzsJJQeOIv7+hDSq8g==",
      "license": "Apache-2.0",
      "dependencies": {
        "@opentelemetry/api": "^1.4.0",
        "tdigest": "^0.1.1"
      },
      "engines": {
        "node": "^16 || ^18 || >=20"
      }
    },
    "node_modules/prr": {
      "version": "1.0.1",
      "resolved": "https://registry.npmjs.org/prr/-/prr-1.0.1.tgz",
      "integrity": "sha512-yPw4Sng1gWghHQWj0B3ZggWUm4qVbPwPFcRG8KyxiU7J2OHFSoEHKS+EZ3fv5l1t9CyCiop6l/ZYeWbrgoQejw==",
      "license": "MIT",
      "optional": true
    },
    "node_modules/queue-microtask": {
      "version": "1.2.3",
      "resolved": "https://registry.npmjs.org/queue-microtask/-/queue-microtask-1.2.3.tgz",
      "integrity": "sha512-NuaNSa6flKT5JaSYQzJok04JzTL1CA6aGhv5rfLW3PgqA+M2ChpZQnAC8h8i4ZFkBS8X5RqkDBHA7r4hej3K9A==",
      "dev": true,
      "funding": [
        {
          "type": "github",
          "url": "https://github.com/sponsors/feross"
        },
        {
          "type": "patreon",
          "url": "https://www.patreon.com/feross"
        },
        {
          "type": "consulting",
          "url": "https://feross.org/support"
        }
      ],
      "license": "MIT"
    },
    "node_modules/randombytes": {
      "version": "2.1.0",
      "resolved": "https://registry.npmjs.org/randombytes/-/randombytes-2.1.0.tgz",
      "integrity": "sha512-vYl3iOX+4CKUWuxGi9Ukhie6fsqXqS9FE2Zaic4tNFD2N2QQaXOMFbuKK4QmDHC0JO6B1Zp41J0LpT0oR68amQ==",
      "dev": true,
      "license": "MIT",
      "dependencies": {
        "safe-buffer": "^5.1.0"
      }
    },
    "node_modules/readable-stream": {
      "version": "3.6.2",
      "resolved": "https://registry.npmjs.org/readable-stream/-/readable-stream-3.6.2.tgz",
      "integrity": "sha512-9u/sniCrY3D5WdsERHzHE4G2YCXqoG5FTHUiCC4SIbr6XcLZBY05ya9EKjYek9O5xOAwjGq+1JdGBAS7Q9ScoA==",
      "devOptional": true,
      "license": "MIT",
      "dependencies": {
        "inherits": "^2.0.3",
        "string_decoder": "^1.1.1",
        "util-deprecate": "^1.0.1"
      },
      "engines": {
        "node": ">= 6"
      }
    },
    "node_modules/regenerator-runtime": {
      "version": "0.14.1",
      "resolved": "https://registry.npmjs.org/regenerator-runtime/-/regenerator-runtime-0.14.1.tgz",
      "integrity": "sha512-dYnhHh0nJoMfnkZs6GmmhFknAGRrLznOu5nc9ML+EJxGvrx6H7teuevqVqCuPcPK//3eDrrjQhehXVx9cnkGdw==",
      "dev": true,
      "license": "MIT"
    },
    "node_modules/remove-accents": {
      "version": "0.5.0",
      "resolved": "https://registry.npmjs.org/remove-accents/-/remove-accents-0.5.0.tgz",
      "integrity": "sha512-8g3/Otx1eJaVD12e31UbJj1YzdtVvzH85HV7t+9MJYk/u3XmkOUJ5Ys9wQrf9PCPK8+xn4ymzqYCiZl6QWKn+A==",
      "dev": true,
      "license": "MIT"
    },
    "node_modules/resolve-pkg-maps": {
      "version": "1.0.0",
      "resolved": "https://registry.npmjs.org/resolve-pkg-maps/-/resolve-pkg-maps-1.0.0.tgz",
      "integrity": "sha512-seS2Tj26TBVOC2NIc2rOe2y2ZO7efxITtLZcGSOnHHNOQ7CkiUBfw0Iw2ck6xkIhPwLhKNLS8BO+hEpngQlqzw==",
      "dev": true,
      "license": "MIT",
      "funding": {
        "url": "https://github.com/privatenumber/resolve-pkg-maps?sponsor=1"
      }
    },
    "node_modules/safe-buffer": {
      "version": "5.2.1",
      "resolved": "https://registry.npmjs.org/safe-buffer/-/safe-buffer-5.2.1.tgz",
      "integrity": "sha512-rp3So07KcdmmKbGvgaNxQSJr7bGVSVk5S9Eq1F+ppbRo70+YeaDxkw5Dd8NPN+GD6bjnYm2VuPuCXmpuYvmCXQ==",
      "funding": [
        {
          "type": "github",
          "url": "https://github.com/sponsors/feross"
        },
        {
          "type": "patreon",
          "url": "https://www.patreon.com/feross"
        },
        {
          "type": "consulting",
          "url": "https://feross.org/support"
        }
      ],
      "license": "MIT"
    },
    "node_modules/semver": {
      "version": "7.7.2",
      "resolved": "https://registry.npmjs.org/semver/-/semver-7.7.2.tgz",
      "integrity": "sha512-RF0Fw+rO5AMf9MAyaRXI4AV0Ulj5lMHqVxxdSgiVbixSCXoEmmX/jk0CuJw4+3SqroYO9VoUh+HcuJivvtJemA==",
      "license": "ISC",
      "bin": {
        "semver": "bin/semver.js"
      },
      "engines": {
        "node": ">=10"
      }
    },
    "node_modules/simple-peer": {
      "version": "9.11.1",
      "resolved": "https://registry.npmjs.org/simple-peer/-/simple-peer-9.11.1.tgz",
      "integrity": "sha512-D1SaWpOW8afq1CZGWB8xTfrT3FekjQmPValrqncJMX7QFl8YwhrPTZvMCANLtgBwwdS+7zURyqxDDEmY558tTw==",
      "dev": true,
      "funding": [
        {
          "type": "github",
          "url": "https://github.com/sponsors/feross"
        },
        {
          "type": "patreon",
          "url": "https://www.patreon.com/feross"
        },
        {
          "type": "consulting",
          "url": "https://feross.org/support"
        }
      ],
      "license": "MIT",
      "dependencies": {
        "buffer": "^6.0.3",
        "debug": "^4.3.2",
        "err-code": "^3.0.1",
        "get-browser-rtc": "^1.1.0",
        "queue-microtask": "^1.2.3",
        "randombytes": "^2.1.0",
        "readable-stream": "^3.6.0"
      }
    },
    "node_modules/simple-peer/node_modules/buffer": {
      "version": "6.0.3",
      "resolved": "https://registry.npmjs.org/buffer/-/buffer-6.0.3.tgz",
      "integrity": "sha512-FTiCpNxtwiZZHEZbcbTIcZjERVICn9yq/pDFkTl95/AxzD1naBctN7YO68riM/gLSDY7sdrMby8hofADYuuqOA==",
      "dev": true,
      "funding": [
        {
          "type": "github",
          "url": "https://github.com/sponsors/feross"
        },
        {
          "type": "patreon",
          "url": "https://www.patreon.com/feross"
        },
        {
          "type": "consulting",
          "url": "https://feross.org/support"
        }
      ],
      "license": "MIT",
      "dependencies": {
        "base64-js": "^1.3.1",
        "ieee754": "^1.2.1"
      }
    },
    "node_modules/string_decoder": {
      "version": "1.3.0",
      "resolved": "https://registry.npmjs.org/string_decoder/-/string_decoder-1.3.0.tgz",
      "integrity": "sha512-hkRX8U1WjJFd8LsDJ2yQ/wWWxaopEsABU1XfkM8A+j0+85JAGppt16cr1Whg6KIbb4okU6Mql6BOj+uup/wKeA==",
      "devOptional": true,
      "license": "MIT",
      "dependencies": {
        "safe-buffer": "~5.2.0"
      }
    },
    "node_modules/tdigest": {
      "version": "0.1.2",
      "resolved": "https://registry.npmjs.org/tdigest/-/tdigest-0.1.2.tgz",
      "integrity": "sha512-+G0LLgjjo9BZX2MfdvPfH+MKLCrxlXSYec5DaPYP1fe6Iyhf0/fSmJ0bFiZ1F8BT6cGXl2LpltQptzjXKWEkKA==",
      "license": "MIT",
      "dependencies": {
        "bintrees": "1.0.2"
      }
    },
    "node_modules/tsx": {
      "version": "4.20.5",
      "resolved": "https://registry.npmjs.org/tsx/-/tsx-4.20.5.tgz",
      "integrity": "sha512-+wKjMNU9w/EaQayHXb7WA7ZaHY6hN8WgfvHNQ3t1PnU91/7O8TcTnIhCDYTZwnt8JsO9IBqZ30Ln1r7pPF52Aw==",
      "dev": true,
      "license": "MIT",
      "dependencies": {
        "esbuild": "~0.25.0",
        "get-tsconfig": "^4.7.5"
      },
      "bin": {
        "tsx": "dist/cli.mjs"
      },
      "engines": {
        "node": ">=18.0.0"
      },
      "optionalDependencies": {
        "fsevents": "~2.3.3"
      }
    },
    "node_modules/typescript": {
      "version": "5.9.2",
      "resolved": "https://registry.npmjs.org/typescript/-/typescript-5.9.2.tgz",
      "integrity": "sha512-CWBzXQrc/qOkhidw1OzBTQuYRbfyxDXJMVJ1XNwUHGROVmuaeiEm3OslpZ1RV96d7SKKjZKrSJu3+t/xlw3R9A==",
      "dev": true,
      "license": "Apache-2.0",
      "bin": {
        "tsc": "bin/tsc",
        "tsserver": "bin/tsserver"
      },
      "engines": {
        "node": ">=14.17"
      }
    },
    "node_modules/undici-types": {
      "version": "6.21.0",
      "resolved": "https://registry.npmjs.org/undici-types/-/undici-types-6.21.0.tgz",
      "integrity": "sha512-iwDZqg0QAGrg9Rav5H4n0M64c3mkR59cJ6wQp+7C4nI0gsmExaedaYLNO44eT4AtBBwjbTiGPMlt2Md0T9H9JQ==",
      "dev": true,
      "license": "MIT"
    },
    "node_modules/util-deprecate": {
      "version": "1.0.2",
      "resolved": "https://registry.npmjs.org/util-deprecate/-/util-deprecate-1.0.2.tgz",
      "integrity": "sha512-EPD5q1uXyFxJpCrLnCc1nHnq3gOa6DZBocAIiI2TaSCA7VCJ1UJDMagCzIkXNsUYfD1daK//LTEQ8xiIbrHtcw==",
      "devOptional": true,
      "license": "MIT"
    },
    "node_modules/ws": {
      "version": "8.18.2",
      "resolved": "https://registry.npmjs.org/ws/-/ws-8.18.2.tgz",
      "integrity": "sha512-DMricUmwGZUVr++AEAe2uiVM7UoO9MAVZMDu05UQOaUII0lp+zOzLLU4Xqh/JvTqklB1T4uELaaPBKyjE1r4fQ==",
      "license": "MIT",
      "engines": {
        "node": ">=10.0.0"
      },
      "peerDependencies": {
        "bufferutil": "^4.0.1",
        "utf-8-validate": ">=5.0.2"
      },
      "peerDependenciesMeta": {
        "bufferutil": {
          "optional": true
        },
        "utf-8-validate": {
          "optional": true
        }
      }
    },
    "node_modules/xtend": {
      "version": "4.0.2",
      "resolved": "https://registry.npmjs.org/xtend/-/xtend-4.0.2.tgz",
      "integrity": "sha512-LKYU1iAXJXUgAXn9URjiu+MWhyUXHsvfp7mcuYm9dSUKK0/CjtrUwFAxD82/mCWbtLsGjFIad0wIsod4zrTAEQ==",
      "license": "MIT",
      "optional": true,
      "engines": {
        "node": ">=0.4"
      }
    },
    "node_modules/y-indexeddb": {
      "version": "9.0.12",
      "resolved": "https://registry.npmjs.org/y-indexeddb/-/y-indexeddb-9.0.12.tgz",
      "integrity": "sha512-9oCFRSPPzBK7/w5vOkJBaVCQZKHXB/v6SIT+WYhnJxlEC61juqG0hBrAf+y3gmSMLFLwICNH9nQ53uscuse6Hg==",
      "dev": true,
      "license": "MIT",
      "dependencies": {
        "lib0": "^0.2.74"
      },
      "engines": {
        "node": ">=16.0.0",
        "npm": ">=8.0.0"
      },
      "funding": {
        "type": "GitHub Sponsors ❤",
        "url": "https://github.com/sponsors/dmonad"
      },
      "peerDependencies": {
        "yjs": "^13.0.0"
      }
    },
    "node_modules/y-leveldb": {
      "version": "0.1.2",
      "resolved": "https://registry.npmjs.org/y-leveldb/-/y-leveldb-0.1.2.tgz",
      "integrity": "sha512-6ulEn5AXfXJYi89rXPEg2mMHAyyw8+ZfeMMdOtBbV8FJpQ1NOrcgi6DTAcXof0dap84NjHPT2+9d0rb6cFsjEg==",
      "license": "MIT",
      "optional": true,
      "dependencies": {
        "level": "^6.0.1",
        "lib0": "^0.2.31"
      },
      "funding": {
        "type": "GitHub Sponsors ❤",
        "url": "https://github.com/sponsors/dmonad"
      },
      "peerDependencies": {
        "yjs": "^13.0.0"
      }
    },
    "node_modules/y-protocols": {
      "version": "1.0.6",
      "resolved": "https://registry.npmjs.org/y-protocols/-/y-protocols-1.0.6.tgz",
      "integrity": "sha512-vHRF2L6iT3rwj1jub/K5tYcTT/mEYDUppgNPXwp8fmLpui9f7Yeq3OEtTLVF012j39QnV+KEQpNqoN7CWU7Y9Q==",
      "license": "MIT",
      "dependencies": {
        "lib0": "^0.2.85"
      },
      "engines": {
        "node": ">=16.0.0",
        "npm": ">=8.0.0"
      },
      "funding": {
        "type": "GitHub Sponsors ❤",
        "url": "https://github.com/sponsors/dmonad"
      },
      "peerDependencies": {
        "yjs": "^13.0.0"
      }
    },
    "node_modules/y-webrtc": {
      "version": "10.2.6",
      "resolved": "https://registry.npmjs.org/y-webrtc/-/y-webrtc-10.2.6.tgz",
      "integrity": "sha512-1kZ4YYwksFZi8+l8mTebVX9vW6Q5MnqxMkvNU700X5dBE38usurt/JgeXSIQRpK3NwUYYb9y63Jn9FMpMH6/vA==",
      "dev": true,
      "license": "MIT",
      "dependencies": {
        "lib0": "^0.2.42",
        "simple-peer": "^9.11.0",
        "y-protocols": "^1.0.6"
      },
      "bin": {
        "y-webrtc-signaling": "bin/server.js"
      },
      "engines": {
        "node": ">=12"
      },
      "funding": {
        "type": "GitHub Sponsors ❤",
        "url": "https://github.com/sponsors/dmonad"
      },
      "optionalDependencies": {
        "ws": "^8.14.2"
      },
      "peerDependencies": {
        "yjs": "^13.6.8"
      }
    },
    "node_modules/yjs": {
      "version": "13.6.27",
      "resolved": "https://registry.npmjs.org/yjs/-/yjs-13.6.27.tgz",
      "integrity": "sha512-OIDwaflOaq4wC6YlPBy2L6ceKeKuF7DeTxx+jPzv1FHn9tCZ0ZwSRnUBxD05E3yed46fv/FWJbvR+Ud7x0L7zw==",
      "license": "MIT",
      "dependencies": {
        "lib0": "^0.2.99"
      },
      "engines": {
        "node": ">=16.0.0",
        "npm": ">=8.0.0"
      },
      "funding": {
        "type": "GitHub Sponsors ❤",
        "url": "https://github.com/sponsors/dmonad"
      }
    }
  }
}
